<?xml version="1.0" encoding="utf-8"?>
<Project ToolsVersion="4.0" xmlns="http://schemas.microsoft.com/developer/msbuild/2003">
  <ItemGroup>
    <Filter Include="Geometry">
      <UniqueIdentifier>{a3cb43de-68e1-4dd1-a3a5-4d3f7d92f1a9}</UniqueIdentifier>
    </Filter>
    <Filter Include="Scene">
      <UniqueIdentifier>{6e9508f0-a79c-4b02-ae5b-d346b76f4ff6}</UniqueIdentifier>
    </Filter>
    <Filter Include="Material">
      <UniqueIdentifier>{b8f0fbc2-154e-4f9c-a1e8-1d46c1a0af0f}</UniqueIdentifier>
    </Filter>
  </ItemGroup>
  <ItemGroup>
    <ClCompile Include="..\Source\Main.cpp" />
    <ClCompile Include="..\Source\PathTracer.cpp" />
    <ClCompile Include="..\Source\Geometry.cpp">
      <Filter>Geometry</Filter>
    </ClCompile>
    <ClCompile Include="..\Source\Material.cpp">
      <Filter>Material</Filter>
    </ClCompile>
    <ClCompile Include="..\Source\ObjectStructure.cpp">
      <Filter>Scene</Filter>
    </ClCompile>
    <ClCompile Include="..\Source\Scene.cpp">
      <Filter>Scene</Filter>
    </ClCompile>
    <ClCompile Include="..\Source\Texture.cpp">
      <Filter>Geometry</Filter>
    </ClCompile>
    <ClCompile Include="..\Source\Vector.cpp">
      <Filter>Geometry</Filter>
    </ClCompile>
    <ClCompile Include="..\Source\Mesh.cpp">
      <Filter>Geometry</Filter>
    </ClCompile>
  </ItemGroup>
  <ItemGroup>
    <ClInclude Include="..\Source\Mesh.h" />
    <ClInclude Include="..\Source\PathTracer.h" />
    <ClInclude Include="..\Source\GeometryUtils.h">
      <Filter>Geometry</Filter>
    </ClInclude>
    <ClInclude Include="..\Source\Geometry.h">
      <Filter>Geometry</Filter>
    </ClInclude>
    <ClInclude Include="..\Source\Material.h">
      <Filter>Material</Filter>
    </ClInclude>
    <ClInclude Include="..\Source\ObjectStructure.h">
      <Filter>Scene</Filter>
    </ClInclude>
    <ClInclude Include="..\Source\Quaternion.h">
      <Filter>Geometry</Filter>
    </ClInclude>
    <ClInclude Include="..\Source\Scene.h">
      <Filter>Scene</Filter>
    </ClInclude>
    <ClInclude Include="..\Source\Texture.h">
      <Filter>Geometry</Filter>
    </ClInclude>
    <ClInclude Include="..\Source\Vector.h">
      <Filter>Geometry</Filter>
    </ClInclude>
    <ClInclude Include="..\Source\General.h" />
  </ItemGroup>
</Project>